
Microsoft Visual Studio Solution File, Format Version 12.00
# Visual Studio Version 16
VisualStudioVersion = 16.0.31624.102
MinimumVisualStudioVersion = 10.0.40219.1
Project("{9A19103F-16F7-4668-BE54-9A1E7A4F7556}") = "Models", "Models\Models.csproj", "{A794BE66-5321-428F-BAA0-ABE4FA3E1DE7}"
EndProject
Project("{FAE04EC0-301F-11D3-BF4B-00C04F79EFBC}") = "ConsoleClient", "ConsoleClient\ConsoleClient.csproj", "{C7BACBAB-B2BA-484F-82EC-7FE9240B8517}"
EndProject
Project("{FAE04EC0-301F-11D3-BF4B-00C04F79EFBC}") = "StrategyPattern", "StrategyPattern\StrategyPattern.csproj", "{8B9AE370-4CE2-4776-ABD2-E6049104A88C}"
EndProject
Global
	GlobalSection(SolutionConfigurationPlatforms) = preSolution
		Debug|Any CPU = Debug|Any CPU
		Release|Any CPU = Release|Any CPU
	EndGlobalSection
	GlobalSection(ProjectConfigurationPlatforms) = postSolution
		{A794BE66-5321-428F-BAA0-ABE4FA3E1DE7}.Debug|Any CPU.ActiveCfg = Debug|Any CPU
		{A794BE66-5321-428F-BAA0-ABE4FA3E1DE7}.Debug|Any CPU.Build.0 = Debug|Any CPU
		{A794BE66-5321-428F-BAA0-ABE4FA3E1DE7}.Release|Any CPU.ActiveCfg = Release|Any CPU
		{A794BE66-5321-428F-BAA0-ABE4FA3E1DE7}.Release|Any CPU.Build.0 = Release|Any CPU
		{C7BACBAB-B2BA-484F-82EC-7FE9240B8517}.Debug|Any CPU.ActiveCfg = Debug|Any CPU
		{C7BACBAB-B2BA-484F-82EC-7FE9240B8517}.Debug|Any CPU.Build.0 = Debug|Any CPU
		{C7BACBAB-B2BA-484F-82EC-7FE9240B8517}.Release|Any CPU.ActiveCfg = Release|Any CPU
		{C7BACBAB-B2BA-484F-82EC-7FE9240B8517}.Release|Any CPU.Build.0 = Release|Any CPU
		{8B9AE370-4CE2-4776-ABD2-E6049104A88C}.Debug|Any CPU.ActiveCfg = Debug|Any CPU
		{8B9AE370-4CE2-4776-ABD2-E6049104A88C}.Debug|Any CPU.Build.0 = Debug|Any CPU
		{8B9AE370-4CE2-4776-ABD2-E6049104A88C}.Release|Any CPU.ActiveCfg = Release|Any CPU
		{8B9AE370-4CE2-4776-ABD2-E6049104A88C}.Release|Any CPU.Build.0 = Release|Any CPU
	EndGlobalSection
	GlobalSection(SolutionProperties) = preSolution
		HideSolutionNode = FALSE
	EndGlobalSection
	GlobalSection(ExtensibilityGlobals) = postSolution
		SolutionGuid = {55EA83E2-0183-4B50-868F-5D0690BBF372}
	EndGlobalSection
EndGlobal
